Microsoft Visual Studio Solution File, Format Version 12.00
# Visual Studio Version 17
VisualStudioVersion = 17.5.2.0
MinimumVisualStudioVersion = 10.0.40219.1
Project("{FAE04EC0-301F-11D3-BF4B-00C04F79EFBC}") = "Temperature_converter", "Temperature_converter.csproj", "{30DC4DD4-D068-E5DC-386C-B718290A7438}"
EndProject
Global
	GlobalSection(SolutionConfigurationPlatforms) = preSolution
		Debug|Any CPU = Debug|Any CPU
		Release|Any CPU = Release|Any CPU
	EndGlobalSection
	GlobalSection(ProjectConfigurationPlatforms) = postSolution
		{30DC4DD4-D068-E5DC-386C-B718290A7438}.Debug|Any CPU.ActiveCfg = Debug|Any CPU
		{30DC4DD4-D068-E5DC-386C-B718290A7438}.Debug|Any CPU.Build.0 = Debug|Any CPU
		{30DC4DD4-D068-E5DC-386C-B718290A7438}.Release|Any CPU.ActiveCfg = Release|Any CPU
		{30DC4DD4-D068-E5DC-386C-B718290A7438}.Release|Any CPU.Build.0 = Release|Any CPU
	EndGlobalSection
	GlobalSection(SolutionProperties) = preSolution
		HideSolutionNode = FALSE
	EndGlobalSection
	GlobalSection(ExtensibilityGlobals) = postSolution
		SolutionGuid = {9982EA75-D528-48F0-BC59-11EC336E7867}
	EndGlobalSection
EndGlobal
